
Microsoft Visual Studio Solution File, Format Version 12.00
Project("{FAE04EC0-301F-11D3-BF4B-00C04F79EFBC}") = "MeanOfSlices.Console", "src\MeanOfSlices.Console\MeanOfSlices.Console.csproj", "{F182D335-19E5-4E7B-8776-8E4654665361}"
EndProject
Project("{FAE04EC0-301F-11D3-BF4B-00C04F79EFBC}") = "MeanOfSlices.Core", "src\MeanOfSlices.Core\MeanOfSlices.Core.csproj", "{52ED6871-C752-4792-8BF3-4E68A90DA9DA}"
EndProject
Project("{FAE04EC0-301F-11D3-BF4B-00C04F79EFBC}") = "MeanOfSlices.Tests", "tests\MeanOfSlices.Tests\MeanOfSlices.Tests.csproj", "{2DB35788-B9DA-4FA2-974A-49F5DA7A7B11}"
EndProject
Global
	GlobalSection(SolutionConfigurationPlatforms) = preSolution
		Debug|Any CPU = Debug|Any CPU
		Release|Any CPU = Release|Any CPU
	EndGlobalSection
	GlobalSection(ProjectConfigurationPlatforms) = postSolution
		{F182D335-19E5-4E7B-8776-8E4654665361}.Debug|Any CPU.ActiveCfg = Debug|Any CPU
		{F182D335-19E5-4E7B-8776-8E4654665361}.Debug|Any CPU.Build.0 = Debug|Any CPU
		{F182D335-19E5-4E7B-8776-8E4654665361}.Release|Any CPU.ActiveCfg = Release|Any CPU
		{F182D335-19E5-4E7B-8776-8E4654665361}.Release|Any CPU.Build.0 = Release|Any CPU
		{52ED6871-C752-4792-8BF3-4E68A90DA9DA}.Debug|Any CPU.ActiveCfg = Debug|Any CPU
		{52ED6871-C752-4792-8BF3-4E68A90DA9DA}.Debug|Any CPU.Build.0 = Debug|Any CPU
		{52ED6871-C752-4792-8BF3-4E68A90DA9DA}.Release|Any CPU.ActiveCfg = Release|Any CPU
		{52ED6871-C752-4792-8BF3-4E68A90DA9DA}.Release|Any CPU.Build.0 = Release|Any CPU
		{2DB35788-B9DA-4FA2-974A-49F5DA7A7B11}.Debug|Any CPU.ActiveCfg = Debug|Any CPU
		{2DB35788-B9DA-4FA2-974A-49F5DA7A7B11}.Debug|Any CPU.Build.0 = Debug|Any CPU
		{2DB35788-B9DA-4FA2-974A-49F5DA7A7B11}.Release|Any CPU.ActiveCfg = Release|Any CPU
		{2DB35788-B9DA-4FA2-974A-49F5DA7A7B11}.Release|Any CPU.Build.0 = Release|Any CPU
	EndGlobalSection
	GlobalSection(NestedProjects) = preSolution
	EndGlobalSection
EndGlobal
